// !$*UTF8*$!
{
	archiveVersion = 1;
	classes = {
	};
	objectVersion = 55;
	objects = {

/* Begin PBXBuildFile section */
		AE78B7D928CF5A960077BD28 /* RepositoryTableViewCell.swift in Sources */ = {isa = PBXBuildFile; fileRef = AE78B7D828CF5A960077BD28 /* RepositoryTableViewCell.swift */; };
		AE78B7EA28D025300077BD28 /* RESTService.swift in Sources */ = {isa = PBXBuildFile; fileRef = AE78B7E928D025300077BD28 /* RESTService.swift */; };
		AE78B7EC28D025A90077BD28 /* RepositoryModel.swift in Sources */ = {isa = PBXBuildFile; fileRef = AE78B7EB28D025A90077BD28 /* RepositoryModel.swift */; };
		AE78B7EE28D026120077BD28 /* SearchRepositoryResult.swift in Sources */ = {isa = PBXBuildFile; fileRef = AE78B7ED28D026120077BD28 /* SearchRepositoryResult.swift */; };
		AE78B7F128D026940077BD28 /* GithubFacade.swift in Sources */ = {isa = PBXBuildFile; fileRef = AE78B7F028D026940077BD28 /* GithubFacade.swift */; };
		AE78B7F328D026C20077BD28 /* GithubService.swift in Sources */ = {isa = PBXBuildFile; fileRef = AE78B7F228D026C20077BD28 /* GithubService.swift */; };
		AEBF942E28CEB6EA00846E69 /* AppDelegate.swift in Sources */ = {isa = PBXBuildFile; fileRef = AEBF942D28CEB6EA00846E69 /* AppDelegate.swift */; };
		AEBF943028CEB6EA00846E69 /* SceneDelegate.swift in Sources */ = {isa = PBXBuildFile; fileRef = AEBF942F28CEB6EA00846E69 /* SceneDelegate.swift */; };
		AEBF943228CEB6EA00846E69 /* RepositoryViewController.swift in Sources */ = {isa = PBXBuildFile; fileRef = AEBF943128CEB6EA00846E69 /* RepositoryViewController.swift */; };
		AEBF943528CEB6EA00846E69 /* Main.storyboard in Resources */ = {isa = PBXBuildFile; fileRef = AEBF943328CEB6EA00846E69 /* Main.storyboard */; };
		AEBF943728CEB6ED00846E69 /* Assets.xcassets in Resources */ = {isa = PBXBuildFile; fileRef = AEBF943628CEB6ED00846E69 /* Assets.xcassets */; };
		AEBF943A28CEB6ED00846E69 /* LaunchScreen.storyboard in Resources */ = {isa = PBXBuildFile; fileRef = AEBF943828CEB6ED00846E69 /* LaunchScreen.storyboard */; };
		AEBF944528CEB6ED00846E69 /* GithubRepositorySearchTests.swift in Sources */ = {isa = PBXBuildFile; fileRef = AEBF944428CEB6ED00846E69 /* GithubRepositorySearchTests.swift */; };
		AEBF944F28CEB6ED00846E69 /* GithubRepositorySearchUITests.swift in Sources */ = {isa = PBXBuildFile; fileRef = AEBF944E28CEB6ED00846E69 /* GithubRepositorySearchUITests.swift */; };
		AEBF945128CEB6ED00846E69 /* GithubRepositorySearchUITestsLaunchTests.swift in Sources */ = {isa = PBXBuildFile; fileRef = AEBF945028CEB6ED00846E69 /* GithubRepositorySearchUITestsLaunchTests.swift */; };
/* End PBXBuildFile section */

/* Begin PBXContainerItemProxy section */
		AEBF944128CEB6ED00846E69 /* PBXContainerItemProxy */ = {
			isa = PBXContainerItemProxy;
			containerPortal = AEBF942228CEB6EA00846E69 /* Project object */;
			proxyType = 1;
			remoteGlobalIDString = AEBF942928CEB6EA00846E69;
			remoteInfo = GithubRepositorySearch;
		};
		AEBF944B28CEB6ED00846E69 /* PBXContainerItemProxy */ = {
			isa = PBXContainerItemProxy;
			containerPortal = AEBF942228CEB6EA00846E69 /* Project object */;
			proxyType = 1;
			remoteGlobalIDString = AEBF942928CEB6EA00846E69;
			remoteInfo = GithubRepositorySearch;
		};
/* End PBXContainerItemProxy section */

/* Begin PBXFileReference section */
		AE78B7D828CF5A960077BD28 /* RepositoryTableViewCell.swift */ = {isa = PBXFileReference; lastKnownFileType = sourcecode.swift; path = RepositoryTableViewCell.swift; sourceTree = "<group>"; };
		AE78B7E928D025300077BD28 /* RESTService.swift */ = {isa = PBXFileReference; lastKnownFileType = sourcecode.swift; path = RESTService.swift; sourceTree = "<group>"; };
		AE78B7EB28D025A90077BD28 /* RepositoryModel.swift */ = {isa = PBXFileReference; lastKnownFileType = sourcecode.swift; path = RepositoryModel.swift; sourceTree = "<group>"; };
		AE78B7ED28D026120077BD28 /* SearchRepositoryResult.swift */ = {isa = PBXFileReference; lastKnownFileType = sourcecode.swift; path = SearchRepositoryResult.swift; sourceTree = "<group>"; };
		AE78B7F028D026940077BD28 /* GithubFacade.swift */ = {isa = PBXFileReference; lastKnownFileType = sourcecode.swift; path = GithubFacade.swift; sourceTree = "<group>"; };
		AE78B7F228D026C20077BD28 /* GithubService.swift */ = {isa = PBXFileReference; lastKnownFileType = sourcecode.swift; path = GithubService.swift; sourceTree = "<group>"; };
		AEBF942A28CEB6EA00846E69 /* GithubRepositorySearch.app */ = {isa = PBXFileReference; explicitFileType = wrapper.application; includeInIndex = 0; path = GithubRepositorySearch.app; sourceTree = BUILT_PRODUCTS_DIR; };
		AEBF942D28CEB6EA00846E69 /* AppDelegate.swift */ = {isa = PBXFileReference; lastKnownFileType = sourcecode.swift; path = AppDelegate.swift; sourceTree = "<group>"; };
		AEBF942F28CEB6EA00846E69 /* SceneDelegate.swift */ = {isa = PBXFileReference; lastKnownFileType = sourcecode.swift; path = SceneDelegate.swift; sourceTree = "<group>"; };
		AEBF943128CEB6EA00846E69 /* RepositoryViewController.swift */ = {isa = PBXFileReference; lastKnownFileType = sourcecode.swift; path = RepositoryViewController.swift; sourceTree = "<group>"; };
		AEBF943428CEB6EA00846E69 /* Base */ = {isa = PBXFileReference; lastKnownFileType = file.storyboard; name = Base; path = Base.lproj/Main.storyboard; sourceTree = "<group>"; };
		AEBF943628CEB6ED00846E69 /* Assets.xcassets */ = {isa = PBXFileReference; lastKnownFileType = folder.assetcatalog; path = Assets.xcassets; sourceTree = "<group>"; };
		AEBF943928CEB6ED00846E69 /* Base */ = {isa = PBXFileReference; lastKnownFileType = file.storyboard; name = Base; path = Base.lproj/LaunchScreen.storyboard; sourceTree = "<group>"; };
		AEBF943B28CEB6ED00846E69 /* Info.plist */ = {isa = PBXFileReference; lastKnownFileType = text.plist.xml; path = Info.plist; sourceTree = "<group>"; };
		AEBF944028CEB6ED00846E69 /* GithubRepositorySearchTests.xctest */ = {isa = PBXFileReference; explicitFileType = wrapper.cfbundle; includeInIndex = 0; path = GithubRepositorySearchTests.xctest; sourceTree = BUILT_PRODUCTS_DIR; };
		AEBF944428CEB6ED00846E69 /* GithubRepositorySearchTests.swift */ = {isa = PBXFileReference; lastKnownFileType = sourcecode.swift; path = GithubRepositorySearchTests.swift; sourceTree = "<group>"; };
		AEBF944A28CEB6ED00846E69 /* GithubRepositorySearchUITests.xctest */ = {isa = PBXFileReference; explicitFileType = wrapper.cfbundle; includeInIndex = 0; path = GithubRepositorySearchUITests.xctest; sourceTree = BUILT_PRODUCTS_DIR; };
		AEBF944E28CEB6ED00846E69 /* GithubRepositorySearchUITests.swift */ = {isa = PBXFileReference; lastKnownFileType = sourcecode.swift; path = GithubRepositorySearchUITests.swift; sourceTree = "<group>"; };
		AEBF945028CEB6ED00846E69 /* GithubRepositorySearchUITestsLaunchTests.swift */ = {isa = PBXFileReference; lastKnownFileType = sourcecode.swift; path = GithubRepositorySearchUITestsLaunchTests.swift; sourceTree = "<group>"; };
/* End PBXFileReference section */

/* Begin PBXFrameworksBuildPhase section */
		AEBF942728CEB6EA00846E69 /* Frameworks */ = {
			isa = PBXFrameworksBuildPhase;
			buildActionMask = 2147483647;
			files = (
			);
			runOnlyForDeploymentPostprocessing = 0;
		};
		AEBF943D28CEB6ED00846E69 /* Frameworks */ = {
			isa = PBXFrameworksBuildPhase;
			buildActionMask = 2147483647;
			files = (
			);
			runOnlyForDeploymentPostprocessing = 0;
		};
		AEBF944728CEB6ED00846E69 /* Frameworks */ = {
			isa = PBXFrameworksBuildPhase;
			buildActionMask = 2147483647;
			files = (
			);
			runOnlyForDeploymentPostprocessing = 0;
		};
/* End PBXFrameworksBuildPhase section */

/* Begin PBXGroup section */
		AE78B7D728CF5A6B0077BD28 /* View */ = {
			isa = PBXGroup;
			children = (
				AEBF943128CEB6EA00846E69 /* RepositoryViewController.swift */,
				AE78B7D828CF5A960077BD28 /* RepositoryTableViewCell.swift */,
			);
			name = View;
			sourceTree = "<group>";
		};
		AE78B7EF28D0265B0077BD28 /* Model */ = {
			isa = PBXGroup;
			children = (
				AE78B7EB28D025A90077BD28 /* RepositoryModel.swift */,
				AE78B7ED28D026120077BD28 /* SearchRepositoryResult.swift */,
			);
			name = Model;
			sourceTree = "<group>";
		};
		AE78B7F428D0285E0077BD28 /* Services */ = {
			isa = PBXGroup;
			children = (
				AE78B7F528D0286E0077BD28 /* GithubService */,
				AE78B7E928D025300077BD28 /* RESTService.swift */,
			);
			name = Services;
			sourceTree = "<group>";
		};
		AE78B7F528D0286E0077BD28 /* GithubService */ = {
			isa = PBXGroup;
			children = (
				AE78B7F028D026940077BD28 /* GithubFacade.swift */,
				AE78B7F228D026C20077BD28 /* GithubService.swift */,
			);
			name = GithubService;
			sourceTree = "<group>";
		};
		AEBF942128CEB6EA00846E69 = {
			isa = PBXGroup;
			children = (
				AEBF942C28CEB6EA00846E69 /* GithubRepositorySearch */,
				AEBF944328CEB6ED00846E69 /* GithubRepositorySearchTests */,
				AEBF944D28CEB6ED00846E69 /* GithubRepositorySearchUITests */,
				AEBF942B28CEB6EA00846E69 /* Products */,
			);
			sourceTree = "<group>";
		};
		AEBF942B28CEB6EA00846E69 /* Products */ = {
			isa = PBXGroup;
			children = (
				AEBF942A28CEB6EA00846E69 /* GithubRepositorySearch.app */,
				AEBF944028CEB6ED00846E69 /* GithubRepositorySearchTests.xctest */,
				AEBF944A28CEB6ED00846E69 /* GithubRepositorySearchUITests.xctest */,
			);
			name = Products;
			sourceTree = "<group>";
		};
		AEBF942C28CEB6EA00846E69 /* GithubRepositorySearch */ = {
			isa = PBXGroup;
			children = (
				AE78B7D728CF5A6B0077BD28 /* View */,
				AE78B7EF28D0265B0077BD28 /* Model */,
				AE78B7F428D0285E0077BD28 /* Services */,
				AEBF942D28CEB6EA00846E69 /* AppDelegate.swift */,
				AEBF942F28CEB6EA00846E69 /* SceneDelegate.swift */,
				AEBF943328CEB6EA00846E69 /* Main.storyboard */,
				AEBF943628CEB6ED00846E69 /* Assets.xcassets */,
				AEBF943828CEB6ED00846E69 /* LaunchScreen.storyboard */,
				AEBF943B28CEB6ED00846E69 /* Info.plist */,
			);
			path = GithubRepositorySearch;
			sourceTree = "<group>";
		};
		AEBF944328CEB6ED00846E69 /* GithubRepositorySearchTests */ = {
			isa = PBXGroup;
			children = (
				AEBF944428CEB6ED00846E69 /* GithubRepositorySearchTests.swift */,
			);
			path = GithubRepositorySearchTests;
			sourceTree = "<group>";
		};
		AEBF944D28CEB6ED00846E69 /* GithubRepositorySearchUITests */ = {
			isa = PBXGroup;
			children = (
				AEBF944E28CEB6ED00846E69 /* GithubRepositorySearchUITests.swift */,
				AEBF945028CEB6ED00846E69 /* GithubRepositorySearchUITestsLaunchTests.swift */,
			);
			path = GithubRepositorySearchUITests;
			sourceTree = "<group>";
		};
/* End PBXGroup section */

/* Begin PBXNativeTarget section */
		AEBF942928CEB6EA00846E69 /* GithubRepositorySearch */ = {
			isa = PBXNativeTarget;
			buildConfigurationList = AEBF945428CEB6ED00846E69 /* Build configuration list for PBXNativeTarget "GithubRepositorySearch" */;
			buildPhases = (
				AEBF942628CEB6EA00846E69 /* Sources */,
				AEBF942728CEB6EA00846E69 /* Frameworks */,
				AEBF942828CEB6EA00846E69 /* Resources */,
			);
			buildRules = (
			);
			dependencies = (
			);
			name = GithubRepositorySearch;
			productName = GithubRepositorySearch;
			productReference = AEBF942A28CEB6EA00846E69 /* GithubRepositorySearch.app */;
			productType = "com.apple.product-type.application";
		};
		AEBF943F28CEB6ED00846E69 /* GithubRepositorySearchTests */ = {
			isa = PBXNativeTarget;
			buildConfigurationList = AEBF945728CEB6ED00846E69 /* Build configuration list for PBXNativeTarget "GithubRepositorySearchTests" */;
			buildPhases = (
				AEBF943C28CEB6ED00846E69 /* Sources */,
				AEBF943D28CEB6ED00846E69 /* Frameworks */,
				AEBF943E28CEB6ED00846E69 /* Resources */,
			);
			buildRules = (
			);
			dependencies = (
				AEBF944228CEB6ED00846E69 /* PBXTargetDependency */,
			);
			name = GithubRepositorySearchTests;
			productName = GithubRepositorySearchTests;
			productReference = AEBF944028CEB6ED00846E69 /* GithubRepositorySearchTests.xctest */;
			productType = "com.apple.product-type.bundle.unit-test";
		};
		AEBF944928CEB6ED00846E69 /* GithubRepositorySearchUITests */ = {
			isa = PBXNativeTarget;
			buildConfigurationList = AEBF945A28CEB6ED00846E69 /* Build configuration list for PBXNativeTarget "GithubRepositorySearchUITests" */;
			buildPhases = (
				AEBF944628CEB6ED00846E69 /* Sources */,
				AEBF944728CEB6ED00846E69 /* Frameworks */,
				AEBF944828CEB6ED00846E69 /* Resources */,
			);
			buildRules = (
			);
			dependencies = (
				AEBF944C28CEB6ED00846E69 /* PBXTargetDependency */,
			);
			name = GithubRepositorySearchUITests;
			productName = GithubRepositorySearchUITests;
			productReference = AEBF944A28CEB6ED00846E69 /* GithubRepositorySearchUITests.xctest */;
			productType = "com.apple.product-type.bundle.ui-testing";
		};
/* End PBXNativeTarget section */

/* Begin PBXProject section */
		AEBF942228CEB6EA00846E69 /* Project object */ = {
			isa = PBXProject;
			attributes = {
				BuildIndependentTargetsInParallel = 1;
				LastSwiftUpdateCheck = 1320;
				LastUpgradeCheck = 1320;
				TargetAttributes = {
					AEBF942928CEB6EA00846E69 = {
						CreatedOnToolsVersion = 13.2.1;
					};
					AEBF943F28CEB6ED00846E69 = {
						CreatedOnToolsVersion = 13.2.1;
						TestTargetID = AEBF942928CEB6EA00846E69;
					};
					AEBF944928CEB6ED00846E69 = {
						CreatedOnToolsVersion = 13.2.1;
						TestTargetID = AEBF942928CEB6EA00846E69;
					};
				};
			};
			buildConfigurationList = AEBF942528CEB6EA00846E69 /* Build configuration list for PBXProject "GithubRepositorySearch" */;
			compatibilityVersion = "Xcode 13.0";
			developmentRegion = en;
			hasScannedForEncodings = 0;
			knownRegions = (
				en,
				Base,
			);
			mainGroup = AEBF942128CEB6EA00846E69;
			productRefGroup = AEBF942B28CEB6EA00846E69 /* Products */;
			projectDirPath = "";
			projectRoot = "";
			targets = (
				AEBF942928CEB6EA00846E69 /* GithubRepositorySearch */,
				AEBF943F28CEB6ED00846E69 /* GithubRepositorySearchTests */,
				AEBF944928CEB6ED00846E69 /* GithubRepositorySearchUITests */,
			);
		};
/* End PBXProject section */

/* Begin PBXResourcesBuildPhase section */
		AEBF942828CEB6EA00846E69 /* Resources */ = {
			isa = PBXResourcesBuildPhase;
			buildActionMask = 2147483647;
			files = (
				AEBF943A28CEB6ED00846E69 /* LaunchScreen.storyboard in Resources */,
				AEBF943728CEB6ED00846E69 /* Assets.xcassets in Resources */,
				AEBF943528CEB6EA00846E69 /* Main.storyboard in Resources */,
			);
			runOnlyForDeploymentPostprocessing = 0;
		};
		AEBF943E28CEB6ED00846E69 /* Resources */ = {
			isa = PBXResourcesBuildPhase;
			buildActionMask = 2147483647;
			files = (
			);
			runOnlyForDeploymentPostprocessing = 0;
		};
		AEBF944828CEB6ED00846E69 /* Resources */ = {
			isa = PBXResourcesBuildPhase;
			buildActionMask = 2147483647;
			files = (
			);
			runOnlyForDeploymentPostprocessing = 0;
		};
/* End PBXResourcesBuildPhase section */

/* Begin PBXSourcesBuildPhase section */
		AEBF942628CEB6EA00846E69 /* Sources */ = {
			isa = PBXSourcesBuildPhase;
			buildActionMask = 2147483647;
			files = (
				AE78B7EE28D026120077BD28 /* SearchRepositoryResult.swift in Sources */,
				AEBF943228CEB6EA00846E69 /* RepositoryViewController.swift in Sources */,
				AEBF942E28CEB6EA00846E69 /* AppDelegate.swift in Sources */,
				AEBF943028CEB6EA00846E69 /* SceneDelegate.swift in Sources */,
				AE78B7F128D026940077BD28 /* GithubFacade.swift in Sources */,
				AE78B7F328D026C20077BD28 /* GithubService.swift in Sources */,
				AE78B7EC28D025A90077BD28 /* RepositoryModel.swift in Sources */,
				AE78B7D928CF5A960077BD28 /* RepositoryTableViewCell.swift in Sources */,
				AE78B7EA28D025300077BD28 /* RESTService.swift in Sources */,
			);
			runOnlyForDeploymentPostprocessing = 0;
		};
		AEBF943C28CEB6ED00846E69 /* Sources */ = {
			isa = PBXSourcesBuildPhase;
			buildActionMask = 2147483647;
			files = (
				AEBF944528CEB6ED00846E69 /* GithubRepositorySearchTests.swift in Sources */,
			);
			runOnlyForDeploymentPostprocessing = 0;
		};
		AEBF944628CEB6ED00846E69 /* Sources */ = {
			isa = PBXSourcesBuildPhase;
			buildActionMask = 2147483647;
			files = (
				AEBF944F28CEB6ED00846E69 /* GithubRepositorySearchUITests.swift in Sources */,
				AEBF945128CEB6ED00846E69 /* GithubRepositorySearchUITestsLaunchTests.swift in Sources */,
			);
			runOnlyForDeploymentPostprocessing = 0;
		};
/* End PBXSourcesBuildPhase section */

/* Begin PBXTargetDependency section */
		AEBF944228CEB6ED00846E69 /* PBXTargetDependency */ = {
			isa = PBXTargetDependency;
			target = AEBF942928CEB6EA00846E69 /* GithubRepositorySearch */;
			targetProxy = AEBF944128CEB6ED00846E69 /* PBXContainerItemProxy */;
		};
		AEBF944C28CEB6ED00846E69 /* PBXTargetDependency */ = {
			isa = PBXTargetDependency;
			target = AEBF942928CEB6EA00846E69 /* GithubRepositorySearch */;
			targetProxy = AEBF944B28CEB6ED00846E69 /* PBXContainerItemProxy */;
		};
/* End PBXTargetDependency section */

/* Begin PBXVariantGroup section */
		AEBF943328CEB6EA00846E69 /* Main.storyboard */ = {
			isa = PBXVariantGroup;
			children = (
				AEBF943428CEB6EA00846E69 /* Base */,
			);
			name = Main.storyboard;
			sourceTree = "<group>";
		};
		AEBF943828CEB6ED00846E69 /* LaunchScreen.storyboard */ = {
			isa = PBXVariantGroup;
			children = (
				AEBF943928CEB6ED00846E69 /* Base */,
			);
			name = LaunchScreen.storyboard;
			sourceTree = "<group>";
		};
/* End PBXVariantGroup section */

/* Begin XCBuildConfiguration section */
		AEBF945228CEB6ED00846E69 /* Debug */ = {
			isa = XCBuildConfiguration;
			buildSettings = {
				ALWAYS_SEARCH_USER_PATHS = NO;
				CLANG_ANALYZER_NONNULL = YES;
				CLANG_ANALYZER_NUMBER_OBJECT_CONVERSION = YES_AGGRESSIVE;
				CLANG_CXX_LANGUAGE_STANDARD = "gnu++17";
				CLANG_CXX_LIBRARY = "libc++";
				CLANG_ENABLE_MODULES = YES;
				CLANG_ENABLE_OBJC_ARC = YES;
				CLANG_ENABLE_OBJC_WEAK = YES;
				CLANG_WARN_BLOCK_CAPTURE_AUTORELEASING = YES;
				CLANG_WARN_BOOL_CONVERSION = YES;
				CLANG_WARN_COMMA = YES;
				CLANG_WARN_CONSTANT_CONVERSION = YES;
				CLANG_WARN_DEPRECATED_OBJC_IMPLEMENTATIONS = YES;
				CLANG_WARN_DIRECT_OBJC_ISA_USAGE = YES_ERROR;
				CLANG_WARN_DOCUMENTATION_COMMENTS = YES;
				CLANG_WARN_EMPTY_BODY = YES;
				CLANG_WARN_ENUM_CONVERSION = YES;
				CLANG_WARN_INFINITE_RECURSION = YES;
				CLANG_WARN_INT_CONVERSION = YES;
				CLANG_WARN_NON_LITERAL_NULL_CONVERSION = YES;
				CLANG_WARN_OBJC_IMPLICIT_RETAIN_SELF = YES;
				CLANG_WARN_OBJC_LITERAL_CONVERSION = YES;
				CLANG_WARN_OBJC_ROOT_CLASS = YES_ERROR;
				CLANG_WARN_QUOTED_INCLUDE_IN_FRAMEWORK_HEADER = YES;
				CLANG_WARN_RANGE_LOOP_ANALYSIS = YES;
				CLANG_WARN_STRICT_PROTOTYPES = YES;
				CLANG_WARN_SUSPICIOUS_MOVE = YES;
				CLANG_WARN_UNGUARDED_AVAILABILITY = YES_AGGRESSIVE;
				CLANG_WARN_UNREACHABLE_CODE = YES;
				CLANG_WARN__DUPLICATE_METHOD_MATCH = YES;
				COPY_PHASE_STRIP = NO;
				DEBUG_INFORMATION_FORMAT = dwarf;
				ENABLE_STRICT_OBJC_MSGSEND = YES;
				ENABLE_TESTABILITY = YES;
				GCC_C_LANGUAGE_STANDARD = gnu11;
				GCC_DYNAMIC_NO_PIC = NO;
				GCC_NO_COMMON_BLOCKS = YES;
				GCC_OPTIMIZATION_LEVEL = 0;
				GCC_PREPROCESSOR_DEFINITIONS = (
					"DEBUG=1",
					"$(inherited)",
				);
				GCC_WARN_64_TO_32_BIT_CONVERSION = YES;
				GCC_WARN_ABOUT_RETURN_TYPE = YES_ERROR;
				GCC_WARN_UNDECLARED_SELECTOR = YES;
				GCC_WARN_UNINITIALIZED_AUTOS = YES_AGGRESSIVE;
				GCC_WARN_UNUSED_FUNCTION = YES;
				GCC_WARN_UNUSED_VARIABLE = YES;
				IPHONEOS_DEPLOYMENT_TARGET = 15.2;
				MTL_ENABLE_DEBUG_INFO = INCLUDE_SOURCE;
				MTL_FAST_MATH = YES;
				ONLY_ACTIVE_ARCH = YES;
				SDKROOT = iphoneos;
				SWIFT_ACTIVE_COMPILATION_CONDITIONS = DEBUG;
				SWIFT_OPTIMIZATION_LEVEL = "-Onone";
			};
			name = Debug;
		};
		AEBF945328CEB6ED00846E69 /* Release */ = {
			isa = XCBuildConfiguration;
			buildSettings = {
				ALWAYS_SEARCH_USER_PATHS = NO;
				CLANG_ANALYZER_NONNULL = YES;
				CLANG_ANALYZER_NUMBER_OBJECT_CONVERSION = YES_AGGRESSIVE;
				CLANG_CXX_LANGUAGE_STANDARD = "gnu++17";
				CLANG_CXX_LIBRARY = "libc++";
				CLANG_ENABLE_MODULES = YES;
				CLANG_ENABLE_OBJC_ARC = YES;
				CLANG_ENABLE_OBJC_WEAK = YES;
				CLANG_WARN_BLOCK_CAPTURE_AUTORELEASING = YES;
				CLANG_WARN_BOOL_CONVERSION = YES;
				CLANG_WARN_COMMA = YES;
				CLANG_WARN_CONSTANT_CONVERSION = YES;
				CLANG_WARN_DEPRECATED_OBJC_IMPLEMENTATIONS = YES;
				CLANG_WARN_DIRECT_OBJC_ISA_USAGE = YES_ERROR;
				CLANG_WARN_DOCUMENTATION_COMMENTS = YES;
				CLANG_WARN_EMPTY_BODY = YES;
				CLANG_WARN_ENUM_CONVERSION = YES;
				CLANG_WARN_INFINITE_RECURSION = YES;
				CLANG_WARN_INT_CONVERSION = YES;
				CLANG_WARN_NON_LITERAL_NULL_CONVERSION = YES;
				CLANG_WARN_OBJC_IMPLICIT_RETAIN_SELF = YES;
				CLANG_WARN_OBJC_LITERAL_CONVERSION = YES;
				CLANG_WARN_OBJC_ROOT_CLASS = YES_ERROR;
				CLANG_WARN_QUOTED_INCLUDE_IN_FRAMEWORK_HEADER = YES;
				CLANG_WARN_RANGE_LOOP_ANALYSIS = YES;
				CLANG_WARN_STRICT_PROTOTYPES = YES;
				CLANG_WARN_SUSPICIOUS_MOVE = YES;
				CLANG_WARN_UNGUARDED_AVAILABILITY = YES_AGGRESSIVE;
				CLANG_WARN_UNREACHABLE_CODE = YES;
				CLANG_WARN__DUPLICATE_METHOD_MATCH = YES;
				COPY_PHASE_STRIP = NO;
				DEBUG_INFORMATION_FORMAT = "dwarf-with-dsym";
				ENABLE_NS_ASSERTIONS = NO;
				ENABLE_STRICT_OBJC_MSGSEND = YES;
				GCC_C_LANGUAGE_STANDARD = gnu11;
				GCC_NO_COMMON_BLOCKS = YES;
				GCC_WARN_64_TO_32_BIT_CONVERSION = YES;
				GCC_WARN_ABOUT_RETURN_TYPE = YES_ERROR;
				GCC_WARN_UNDECLARED_SELECTOR = YES;
				GCC_WARN_UNINITIALIZED_AUTOS = YES_AGGRESSIVE;
				GCC_WARN_UNUSED_FUNCTION = YES;
				GCC_WARN_UNUSED_VARIABLE = YES;
				IPHONEOS_DEPLOYMENT_TARGET = 15.2;
				MTL_ENABLE_DEBUG_INFO = NO;
				MTL_FAST_MATH = YES;
				SDKROOT = iphoneos;
				SWIFT_COMPILATION_MODE = wholemodule;
				SWIFT_OPTIMIZATION_LEVEL = "-O";
				VALIDATE_PRODUCT = YES;
			};
			name = Release;
		};
		AEBF945528CEB6ED00846E69 /* Debug */ = {
			isa = XCBuildConfiguration;
			buildSettings = {
				ASSETCATALOG_COMPILER_APPICON_NAME = AppIcon;
				ASSETCATALOG_COMPILER_GLOBAL_ACCENT_COLOR_NAME = AccentColor;
				CODE_SIGN_STYLE = Automatic;
				CURRENT_PROJECT_VERSION = 1;
				GENERATE_INFOPLIST_FILE = YES;
				INFOPLIST_FILE = GithubRepositorySearch/Info.plist;
				INFOPLIST_KEY_UIApplicationSupportsIndirectInputEvents = YES;
				INFOPLIST_KEY_UILaunchStoryboardName = LaunchScreen;
				INFOPLIST_KEY_UIMainStoryboardFile = Main;
				INFOPLIST_KEY_UISupportedInterfaceOrientations_iPad = "UIInterfaceOrientationPortrait UIInterfaceOrientationPortraitUpsideDown UIInterfaceOrientationLandscapeLeft UIInterfaceOrientationLandscapeRight";
				INFOPLIST_KEY_UISupportedInterfaceOrientations_iPhone = "UIInterfaceOrientationPortrait UIInterfaceOrientationLandscapeLeft UIInterfaceOrientationLandscapeRight";
				LD_RUNPATH_SEARCH_PATHS = (
					"$(inherited)",
					"@executable_path/Frameworks",
				);
				MARKETING_VERSION = 1.0;
				PRODUCT_BUNDLE_IDENTIFIER = id.syahroyni.id.GithubRepositorySearch;
				PRODUCT_NAME = "$(TARGET_NAME)";
				SWIFT_EMIT_LOC_STRINGS = YES;
				SWIFT_VERSION = 5.0;
				TARGETED_DEVICE_FAMILY = "1,2";
			};
			name = Debug;
		};
		AEBF945628CEB6ED00846E69 /* Release */ = {
			isa = XCBuildConfiguration;
			buildSettings = {
				ASSETCATALOG_COMPILER_APPICON_NAME = AppIcon;
				ASSETCATALOG_COMPILER_GLOBAL_ACCENT_COLOR_NAME = AccentColor;
				CODE_SIGN_STYLE = Automatic;
				CURRENT_PROJECT_VERSION = 1;
				GENERATE_INFOPLIST_FILE = YES;
				INFOPLIST_FILE = GithubRepositorySearch/Info.plist;
				INFOPLIST_KEY_UIApplicationSupportsIndirectInputEvents = YES;
				INFOPLIST_KEY_UILaunchStoryboardName = LaunchScreen;
				INFOPLIST_KEY_UIMainStoryboardFile = Main;
				INFOPLIST_KEY_UISupportedInterfaceOrientations_iPad = "UIInterfaceOrientationPortrait UIInterfaceOrientationPortraitUpsideDown UIInterfaceOrientationLandscapeLeft UIInterfaceOrientationLandscapeRight";
				INFOPLIST_KEY_UISupportedInterfaceOrientations_iPhone = "UIInterfaceOrientationPortrait UIInterfaceOrientationLandscapeLeft UIInterfaceOrientationLandscapeRight";
				LD_RUNPATH_SEARCH_PATHS = (
					"$(inherited)",
					"@executable_path/Frameworks",
				);
				MARKETING_VERSION = 1.0;
				PRODUCT_BUNDLE_IDENTIFIER = id.syahroyni.id.GithubRepositorySearch;
				PRODUCT_NAME = "$(TARGET_NAME)";
				SWIFT_EMIT_LOC_STRINGS = YES;
				SWIFT_VERSION = 5.0;
				TARGETED_DEVICE_FAMILY = "1,2";
			};
			name = Release;
		};
		AEBF945828CEB6ED00846E69 /* Debug */ = {
			isa = XCBuildConfiguration;
			buildSettings = {
				ALWAYS_EMBED_SWIFT_STANDARD_LIBRARIES = YES;
				BUNDLE_LOADER = "$(TEST_HOST)";
				CODE_SIGN_STYLE = Automatic;
				CURRENT_PROJECT_VERSION = 1;
				GENERATE_INFOPLIST_FILE = YES;
				IPHONEOS_DEPLOYMENT_TARGET = 15.2;
				MARKETING_VERSION = 1.0;
				PRODUCT_BUNDLE_IDENTIFIER = id.syahroyni.id.GithubRepositorySearchTests;
				PRODUCT_NAME = "$(TARGET_NAME)";
				SWIFT_EMIT_LOC_STRINGS = NO;
				SWIFT_VERSION = 5.0;
				TARGETED_DEVICE_FAMILY = "1,2";
				TEST_HOST = "$(BUILT_PRODUCTS_DIR)/GithubRepositorySearch.app/GithubRepositorySearch";
			};
			name = Debug;
		};
		AEBF945928CEB6ED00846E69 /* Release */ = {
			isa = XCBuildConfiguration;
			buildSettings = {
				ALWAYS_EMBED_SWIFT_STANDARD_LIBRARIES = YES;
				BUNDLE_LOADER = "$(TEST_HOST)";
				CODE_SIGN_STYLE = Automatic;
				CURRENT_PROJECT_VERSION = 1;
				GENERATE_INFOPLIST_FILE = YES;
				IPHONEOS_DEPLOYMENT_TARGET = 15.2;
				MARKETING_VERSION = 1.0;
				PRODUCT_BUNDLE_IDENTIFIER = id.syahroyni.id.GithubRepositorySearchTests;
				PRODUCT_NAME = "$(TARGET_NAME)";
				SWIFT_EMIT_LOC_STRINGS = NO;
				SWIFT_VERSION = 5.0;
				TARGETED_DEVICE_FAMILY = "1,2";
				TEST_HOST = "$(BUILT_PRODUCTS_DIR)/GithubRepositorySearch.app/GithubRepositorySearch";
			};
			name = Release;
		};
		AEBF945B28CEB6ED00846E69 /* Debug */ = {
			isa = XCBuildConfiguration;
			buildSettings = {
				ALWAYS_EMBED_SWIFT_STANDARD_LIBRARIES = YES;
				CODE_SIGN_STYLE = Automatic;
				CURRENT_PROJECT_VERSION = 1;
				GENERATE_INFOPLIST_FILE = YES;
				MARKETING_VERSION = 1.0;
				PRODUCT_BUNDLE_IDENTIFIER = id.syahroyni.id.GithubRepositorySearchUITests;
				PRODUCT_NAME = "$(TARGET_NAME)";
				SWIFT_EMIT_LOC_STRINGS = NO;
				SWIFT_VERSION = 5.0;
				TARGETED_DEVICE_FAMILY = "1,2";
				TEST_TARGET_NAME = GithubRepositorySearch;
			};
			name = Debug;
		};
		AEBF945C28CEB6ED00846E69 /* Release */ = {
			isa = XCBuildConfiguration;
			buildSettings = {
				ALWAYS_EMBED_SWIFT_STANDARD_LIBRARIES = YES;
				CODE_SIGN_STYLE = Automatic;
				CURRENT_PROJECT_VERSION = 1;
				GENERATE_INFOPLIST_FILE = YES;
				MARKETING_VERSION = 1.0;
				PRODUCT_BUNDLE_IDENTIFIER = id.syahroyni.id.GithubRepositorySearchUITests;
				PRODUCT_NAME = "$(TARGET_NAME)";
				SWIFT_EMIT_LOC_STRINGS = NO;
				SWIFT_VERSION = 5.0;
				TARGETED_DEVICE_FAMILY = "1,2";
				TEST_TARGET_NAME = GithubRepositorySearch;
			};
			name = Release;
		};
/* End XCBuildConfiguration section */

/* Begin XCConfigurationList section */
		AEBF942528CEB6EA00846E69 /* Build configuration list for PBXProject "GithubRepositorySearch" */ = {
			isa = XCConfigurationList;
			buildConfigurations = (
				AEBF945228CEB6ED00846E69 /* Debug */,
				AEBF945328CEB6ED00846E69 /* Release */,
			);
			defaultConfigurationIsVisible = 0;
			defaultConfigurationName = Release;
		};
		AEBF945428CEB6ED00846E69 /* Build configuration list for PBXNativeTarget "GithubRepositorySearch" */ = {
			isa = XCConfigurationList;
			buildConfigurations = (
				AEBF945528CEB6ED00846E69 /* Debug */,
				AEBF945628CEB6ED00846E69 /* Release */,
			);
			defaultConfigurationIsVisible = 0;
			defaultConfigurationName = Release;
		};
		AEBF945728CEB6ED00846E69 /* Build configuration list for PBXNativeTarget "GithubRepositorySearchTests" */ = {
			isa = XCConfigurationList;
			buildConfigurations = (
				AEBF945828CEB6ED00846E69 /* Debug */,
				AEBF945928CEB6ED00846E69 /* Release */,
			);
			defaultConfigurationIsVisible = 0;
			defaultConfigurationName = Release;
		};
		AEBF945A28CEB6ED00846E69 /* Build configuration list for PBXNativeTarget "GithubRepositorySearchUITests" */ = {
			isa = XCConfigurationList;
			buildConfigurations = (
				AEBF945B28CEB6ED00846E69 /* Debug */,
				AEBF945C28CEB6ED00846E69 /* Release */,
			);
			defaultConfigurationIsVisible = 0;
			defaultConfigurationName = Release;
		};
/* End XCConfigurationList section */
	};
	rootObject = AEBF942228CEB6EA00846E69 /* Project object */;
}
